
Microsoft Visual Studio Solution File, Format Version 12.00
Project("{FAE04EC0-301F-11D3-BF4B-00C04F79EFBC}") = "Temperaturstyring", "Temperaturstyring\Temperaturstyring.csproj", "{7413AC59-C433-4575-84A5-40569DE13985}"
EndProject
Project("{FAE04EC0-301F-11D3-BF4B-00C04F79EFBC}") = "TestTemperaturStyring", "TestTemperaturStyring\TestTemperaturStyring.csproj", "{A6EC206A-C02E-4ECF-9996-A794A965B8C3}"
EndProject
Global
	GlobalSection(SolutionConfigurationPlatforms) = preSolution
		Debug|Any CPU = Debug|Any CPU
		Release|Any CPU = Release|Any CPU
	EndGlobalSection
	GlobalSection(ProjectConfigurationPlatforms) = postSolution
		{7413AC59-C433-4575-84A5-40569DE13985}.Debug|Any CPU.ActiveCfg = Debug|Any CPU
		{7413AC59-C433-4575-84A5-40569DE13985}.Debug|Any CPU.Build.0 = Debug|Any CPU
		{7413AC59-C433-4575-84A5-40569DE13985}.Release|Any CPU.ActiveCfg = Release|Any CPU
		{7413AC59-C433-4575-84A5-40569DE13985}.Release|Any CPU.Build.0 = Release|Any CPU
		{A6EC206A-C02E-4ECF-9996-A794A965B8C3}.Debug|Any CPU.ActiveCfg = Debug|Any CPU
		{A6EC206A-C02E-4ECF-9996-A794A965B8C3}.Debug|Any CPU.Build.0 = Debug|Any CPU
		{A6EC206A-C02E-4ECF-9996-A794A965B8C3}.Release|Any CPU.ActiveCfg = Release|Any CPU
		{A6EC206A-C02E-4ECF-9996-A794A965B8C3}.Release|Any CPU.Build.0 = Release|Any CPU
	EndGlobalSection
EndGlobal
